
Microsoft Visual Studio Solution File, Format Version 12.00
# Visual Studio Version 16
VisualStudioVersion = 16.0.31019.35
MinimumVisualStudioVersion = 10.0.40219.1
Project("{FAE04EC0-301F-11D3-BF4B-00C04F79EFBC}") = "LobbyServer", "LobbyServer\LobbyServer.csproj", "{34FB5550-46B3-4DCF-B641-66B9E939ABA8}"
EndProject
Global
	GlobalSection(SolutionConfigurationPlatforms) = preSolution
		Debug|Any CPU = Debug|Any CPU
		Release|Any CPU = Release|Any CPU
	EndGlobalSection
	GlobalSection(ProjectConfigurationPlatforms) = postSolution
		{34FB5550-46B3-4DCF-B641-66B9E939ABA8}.Debug|Any CPU.ActiveCfg = Debug|Any CPU
		{34FB5550-46B3-4DCF-B641-66B9E939ABA8}.Debug|Any CPU.Build.0 = Debug|Any CPU
		{34FB5550-46B3-4DCF-B641-66B9E939ABA8}.Release|Any CPU.ActiveCfg = Release|Any CPU
		{34FB5550-46B3-4DCF-B641-66B9E939ABA8}.Release|Any CPU.Build.0 = Release|Any CPU
	EndGlobalSection
	GlobalSection(SolutionProperties) = preSolution
		HideSolutionNode = FALSE
	EndGlobalSection
	GlobalSection(ExtensibilityGlobals) = postSolution
		SolutionGuid = {04D85322-866D-4D5F-BC28-954D6B3DE066}
	EndGlobalSection
EndGlobal
